
Microsoft Visual Studio Solution File, Format Version 12.00
# Visual Studio 2013
VisualStudioVersion = 12.0.31101.0
MinimumVisualStudioVersion = 10.0.40219.1
Project("{FAE04EC0-301F-11D3-BF4B-00C04F79EFBC}") = "SelfOrdering.Api", "SelfOrdering.Api\SelfOrdering.Api.csproj", "{A609A74A-D753-4ED9-BB95-E79C5EE8219D}"
EndProject
Global
	GlobalSection(SolutionConfigurationPlatforms) = preSolution
		Debug|Any CPU = Debug|Any CPU
		Release|Any CPU = Release|Any CPU
	EndGlobalSection
	GlobalSection(ProjectConfigurationPlatforms) = postSolution
		{A609A74A-D753-4ED9-BB95-E79C5EE8219D}.Debug|Any CPU.ActiveCfg = Debug|Any CPU
		{A609A74A-D753-4ED9-BB95-E79C5EE8219D}.Debug|Any CPU.Build.0 = Debug|Any CPU
		{A609A74A-D753-4ED9-BB95-E79C5EE8219D}.Release|Any CPU.ActiveCfg = Release|Any CPU
		{A609A74A-D753-4ED9-BB95-E79C5EE8219D}.Release|Any CPU.Build.0 = Release|Any CPU
	EndGlobalSection
	GlobalSection(SolutionProperties) = preSolution
		HideSolutionNode = FALSE
	EndGlobalSection
EndGlobal
